<?xml version="1.0" encoding="UTF-8" standalone="yes" ?>
<CodeBlocks_project_file>
	<FileVersion major="1" minor="6" />
	<Project>
		<Option title="Calculator" />
		<Option pch_mode="2" />
		<Option compiler="gcc" />
		<Build>
			<Target title="Debug">
				<Option output="bin/Debug/Calculator" prefix_auto="1" extension_auto="1" />
				<Option object_output="obj/Debug/" />
				<Option type="1" />
				<Option compiler="gcc" />
				<Compiler>
					<Add option="-g" />
				</Compiler>
			</Target>
			<Target title="Release">
				<Option output="bin/Release/Calculator" prefix_auto="1" extension_auto="1" />
				<Option object_output="obj/Release/" />
				<Option type="1" />
				<Option compiler="gcc" />
				<Compiler>
					<Add option="-O2" />
				</Compiler>
				<Linker>
					<Add option="-s" />
				</Linker>
			</Target>
		</Build>
		<Compiler>
			<Add option="-Wall" />
		</Compiler>
		<Unit filename="Add.cpp" />
		<Unit filename="Area.cpp" />
		<Unit filename="Constants.h" />
		<Unit filename="Divide.cpp" />
		<Unit filename="Euler_Power.cpp" />
		<Unit filename="Factorials.cpp" />
		<Unit filename="Fractions.cpp" />
		<Unit filename="Geometry.h" />
		<Unit filename="Handler.cpp" />
		<Unit filename="Handler.h" />
		<Unit filename="Input.cpp" />
		<Unit filename="Input.h" />
		<Unit filename="Logarithms.cpp" />
		<Unit filename="Multiply.cpp" />
		<Unit filename="Operations.h" />
		<Unit filename="Output.cpp" />
		<Unit filename="Output.h" />
		<Unit filename="Pow &amp; Square.cpp" />
		<Unit filename="Storage.cpp" />
		<Unit filename="Storage.h" />
		<Unit filename="Subtract.cpp" />
		<Unit filename="Surface_AreaFunct.cpp" />
		<Unit filename="Trig_Funct.cpp" />
		<Unit filename="Volume.cpp" />
		<Unit filename="main.cpp" />
		<Extensions>
			<code_completion />
			<envvars />
			<debugger />
			<lib_finder disable_auto="1" />
		</Extensions>
	</Project>
</CodeBlocks_project_file>
